// !$*UTF8*$!
{
	archiveVersion = 1;
	classes = {
	};
	objectVersion = 56;
	objects = {

/* Begin PBXBuildFile section */
		85034ABA2AB5947700467A0F /* HourMinTime.swift in Sources */ = {isa = PBXBuildFile; fileRef = 85034AB92AB5947700467A0F /* HourMinTime.swift */; };
		85034FF22AA0FC4F00B3EC30 /* AppDelegate.swift in Sources */ = {isa = PBXBuildFile; fileRef = 85034FF12AA0FC4F00B3EC30 /* AppDelegate.swift */; };
		85034FF42AA0FC4F00B3EC30 /* SceneDelegate.swift in Sources */ = {isa = PBXBuildFile; fileRef = 85034FF32AA0FC4F00B3EC30 /* SceneDelegate.swift */; };
		85034FF92AA0FC4F00B3EC30 /* Main.storyboard in Resources */ = {isa = PBXBuildFile; fileRef = 85034FF72AA0FC4F00B3EC30 /* Main.storyboard */; };
		85034FFB2AA0FC5400B3EC30 /* Assets.xcassets in Resources */ = {isa = PBXBuildFile; fileRef = 85034FFA2AA0FC5400B3EC30 /* Assets.xcassets */; };
		85034FFE2AA0FC5400B3EC30 /* LaunchScreen.storyboard in Resources */ = {isa = PBXBuildFile; fileRef = 85034FFC2AA0FC5400B3EC30 /* LaunchScreen.storyboard */; };
		850350062AA1FC6E00B3EC30 /* TableViewController.swift in Sources */ = {isa = PBXBuildFile; fileRef = 850350052AA1FC6E00B3EC30 /* TableViewController.swift */; };
		850350082AA21BC900B3EC30 /* MainVC.swift in Sources */ = {isa = PBXBuildFile; fileRef = 850350072AA21BC900B3EC30 /* MainVC.swift */; };
		8503500C2AA2277200B3EC30 /* EmbeddedTableVC.swift in Sources */ = {isa = PBXBuildFile; fileRef = 8503500B2AA2277200B3EC30 /* EmbeddedTableVC.swift */; };
		8503500E2AA23EA700B3EC30 /* CustomCellVC.swift in Sources */ = {isa = PBXBuildFile; fileRef = 8503500D2AA23EA700B3EC30 /* CustomCellVC.swift */; };
		850350172AA242F600B3EC30 /* CustomCell.xib in Resources */ = {isa = PBXBuildFile; fileRef = 850350152AA242F600B3EC30 /* CustomCell.xib */; };
		850350182AA242F600B3EC30 /* CustomCell.swift in Sources */ = {isa = PBXBuildFile; fileRef = 850350162AA242F600B3EC30 /* CustomCell.swift */; };
		8503501B2AA24F0300B3EC30 /* K.swift in Sources */ = {isa = PBXBuildFile; fileRef = 8503501A2AA24F0300B3EC30 /* K.swift */; };
		8519B1F52AAB58AC00273A65 /* B.wav in Resources */ = {isa = PBXBuildFile; fileRef = 8519B1EE2AAB58AB00273A65 /* B.wav */; };
		8519B1F62AAB58AC00273A65 /* C.wav in Resources */ = {isa = PBXBuildFile; fileRef = 8519B1EF2AAB58AB00273A65 /* C.wav */; };
		8519B1F72AAB58AC00273A65 /* A.wav in Resources */ = {isa = PBXBuildFile; fileRef = 8519B1F02AAB58AB00273A65 /* A.wav */; };
		8519B1F82AAB58AC00273A65 /* D.wav in Resources */ = {isa = PBXBuildFile; fileRef = 8519B1F12AAB58AB00273A65 /* D.wav */; };
		8519B1F92AAB58AC00273A65 /* E.wav in Resources */ = {isa = PBXBuildFile; fileRef = 8519B1F22AAB58AB00273A65 /* E.wav */; };
		8519B1FA2AAB58AC00273A65 /* G.wav in Resources */ = {isa = PBXBuildFile; fileRef = 8519B1F32AAB58AB00273A65 /* G.wav */; };
		8519B1FB2AAB58AC00273A65 /* F.wav in Resources */ = {isa = PBXBuildFile; fileRef = 8519B1F42AAB58AB00273A65 /* F.wav */; };
		8542C1DB2AA2555F00B22C47 /* ClassRow.swift in Sources */ = {isa = PBXBuildFile; fileRef = 8542C1DA2AA2555F00B22C47 /* ClassRow.swift */; };
		8542C1DD2AA392C300B22C47 /* ColorScheme.swift in Sources */ = {isa = PBXBuildFile; fileRef = 8542C1DC2AA392C200B22C47 /* ColorScheme.swift */; };
		85E9F7ED2AAB469900993CB5 /* Label.swift in Sources */ = {isa = PBXBuildFile; fileRef = 85E9F7EC2AAB469900993CB5 /* Label.swift */; };
		85E9F7F02AAB518E00993CB5 /* AVFoundation.framework in Frameworks */ = {isa = PBXBuildFile; fileRef = 85E9F7EF2AAB518E00993CB5 /* AVFoundation.framework */; };
		85F20C022AB0BF1C00EBBAC4 /* StartEndTime.swift in Sources */ = {isa = PBXBuildFile; fileRef = 85F20C012AB0BF1C00EBBAC4 /* StartEndTime.swift */; };
/* End PBXBuildFile section */

/* Begin PBXFileReference section */
		85034AB92AB5947700467A0F /* HourMinTime.swift */ = {isa = PBXFileReference; lastKnownFileType = sourcecode.swift; path = HourMinTime.swift; sourceTree = "<group>"; };
		85034FEE2AA0FC4F00B3EC30 /* LessonMonitor.app */ = {isa = PBXFileReference; explicitFileType = wrapper.application; includeInIndex = 0; path = LessonMonitor.app; sourceTree = BUILT_PRODUCTS_DIR; };
		85034FF12AA0FC4F00B3EC30 /* AppDelegate.swift */ = {isa = PBXFileReference; lastKnownFileType = sourcecode.swift; path = AppDelegate.swift; sourceTree = "<group>"; };
		85034FF32AA0FC4F00B3EC30 /* SceneDelegate.swift */ = {isa = PBXFileReference; lastKnownFileType = sourcecode.swift; path = SceneDelegate.swift; sourceTree = "<group>"; };
		85034FF82AA0FC4F00B3EC30 /* Base */ = {isa = PBXFileReference; lastKnownFileType = file.storyboard; name = Base; path = Base.lproj/Main.storyboard; sourceTree = "<group>"; };
		85034FFA2AA0FC5400B3EC30 /* Assets.xcassets */ = {isa = PBXFileReference; lastKnownFileType = folder.assetcatalog; path = Assets.xcassets; sourceTree = "<group>"; };
		85034FFD2AA0FC5400B3EC30 /* Base */ = {isa = PBXFileReference; lastKnownFileType = file.storyboard; name = Base; path = Base.lproj/LaunchScreen.storyboard; sourceTree = "<group>"; };
		85034FFF2AA0FC5400B3EC30 /* Info.plist */ = {isa = PBXFileReference; lastKnownFileType = text.plist.xml; path = Info.plist; sourceTree = "<group>"; };
		850350052AA1FC6E00B3EC30 /* TableViewController.swift */ = {isa = PBXFileReference; lastKnownFileType = sourcecode.swift; path = TableViewController.swift; sourceTree = "<group>"; };
		850350072AA21BC900B3EC30 /* MainVC.swift */ = {isa = PBXFileReference; lastKnownFileType = sourcecode.swift; path = MainVC.swift; sourceTree = "<group>"; };
		8503500B2AA2277200B3EC30 /* EmbeddedTableVC.swift */ = {isa = PBXFileReference; lastKnownFileType = sourcecode.swift; path = EmbeddedTableVC.swift; sourceTree = "<group>"; };
		8503500D2AA23EA700B3EC30 /* CustomCellVC.swift */ = {isa = PBXFileReference; lastKnownFileType = sourcecode.swift; path = CustomCellVC.swift; sourceTree = "<group>"; };
		850350152AA242F600B3EC30 /* CustomCell.xib */ = {isa = PBXFileReference; lastKnownFileType = file.xib; path = CustomCell.xib; sourceTree = "<group>"; };
		850350162AA242F600B3EC30 /* CustomCell.swift */ = {isa = PBXFileReference; lastKnownFileType = sourcecode.swift; path = CustomCell.swift; sourceTree = "<group>"; };
		8503501A2AA24F0300B3EC30 /* K.swift */ = {isa = PBXFileReference; lastKnownFileType = sourcecode.swift; path = K.swift; sourceTree = "<group>"; };
		8519B1EE2AAB58AB00273A65 /* B.wav */ = {isa = PBXFileReference; lastKnownFileType = audio.wav; path = B.wav; sourceTree = "<group>"; };
		8519B1EF2AAB58AB00273A65 /* C.wav */ = {isa = PBXFileReference; lastKnownFileType = audio.wav; path = C.wav; sourceTree = "<group>"; };
		8519B1F02AAB58AB00273A65 /* A.wav */ = {isa = PBXFileReference; lastKnownFileType = audio.wav; path = A.wav; sourceTree = "<group>"; };
		8519B1F12AAB58AB00273A65 /* D.wav */ = {isa = PBXFileReference; lastKnownFileType = audio.wav; path = D.wav; sourceTree = "<group>"; };
		8519B1F22AAB58AB00273A65 /* E.wav */ = {isa = PBXFileReference; lastKnownFileType = audio.wav; path = E.wav; sourceTree = "<group>"; };
		8519B1F32AAB58AB00273A65 /* G.wav */ = {isa = PBXFileReference; lastKnownFileType = audio.wav; path = G.wav; sourceTree = "<group>"; };
		8519B1F42AAB58AB00273A65 /* F.wav */ = {isa = PBXFileReference; lastKnownFileType = audio.wav; path = F.wav; sourceTree = "<group>"; };
		8542C1DA2AA2555F00B22C47 /* ClassRow.swift */ = {isa = PBXFileReference; lastKnownFileType = sourcecode.swift; path = ClassRow.swift; sourceTree = "<group>"; };
		8542C1DC2AA392C200B22C47 /* ColorScheme.swift */ = {isa = PBXFileReference; lastKnownFileType = sourcecode.swift; path = ColorScheme.swift; sourceTree = "<group>"; };
		85E9F7EC2AAB469900993CB5 /* Label.swift */ = {isa = PBXFileReference; lastKnownFileType = sourcecode.swift; path = Label.swift; sourceTree = "<group>"; };
		85E9F7EF2AAB518E00993CB5 /* AVFoundation.framework */ = {isa = PBXFileReference; lastKnownFileType = wrapper.framework; name = AVFoundation.framework; path = System/Library/Frameworks/AVFoundation.framework; sourceTree = SDKROOT; };
		85F20C012AB0BF1C00EBBAC4 /* StartEndTime.swift */ = {isa = PBXFileReference; lastKnownFileType = sourcecode.swift; path = StartEndTime.swift; sourceTree = "<group>"; };
/* End PBXFileReference section */

/* Begin PBXFrameworksBuildPhase section */
		85034FEB2AA0FC4F00B3EC30 /* Frameworks */ = {
			isa = PBXFrameworksBuildPhase;
			buildActionMask = 2147483647;
			files = (
				85E9F7F02AAB518E00993CB5 /* AVFoundation.framework in Frameworks */,
			);
			runOnlyForDeploymentPostprocessing = 0;
		};
/* End PBXFrameworksBuildPhase section */

/* Begin PBXGroup section */
		85034FE52AA0FC4E00B3EC30 = {
			isa = PBXGroup;
			children = (
				85034FF02AA0FC4F00B3EC30 /* LessonMonitor */,
				85034FEF2AA0FC4F00B3EC30 /* Products */,
				85E9F7EE2AAB518E00993CB5 /* Frameworks */,
			);
			sourceTree = "<group>";
		};
		85034FEF2AA0FC4F00B3EC30 /* Products */ = {
			isa = PBXGroup;
			children = (
				85034FEE2AA0FC4F00B3EC30 /* LessonMonitor.app */,
			);
			name = Products;
			sourceTree = "<group>";
		};
		85034FF02AA0FC4F00B3EC30 /* LessonMonitor */ = {
			isa = PBXGroup;
			children = (
				850350192AA24EF400B3EC30 /* Data */,
				85034FF12AA0FC4F00B3EC30 /* AppDelegate.swift */,
				85034FF32AA0FC4F00B3EC30 /* SceneDelegate.swift */,
				850350092AA21BD300B3EC30 /* Controller */,
				8503500A2AA21BE800B3EC30 /* View */,
				85034FFA2AA0FC5400B3EC30 /* Assets.xcassets */,
				85034FFC2AA0FC5400B3EC30 /* LaunchScreen.storyboard */,
				8519B1ED2AAB58AB00273A65 /* Sounds */,
				85034FFF2AA0FC5400B3EC30 /* Info.plist */,
			);
			path = LessonMonitor;
			sourceTree = "<group>";
		};
		850350092AA21BD300B3EC30 /* Controller */ = {
			isa = PBXGroup;
			children = (
				850350052AA1FC6E00B3EC30 /* TableViewController.swift */,
				850350072AA21BC900B3EC30 /* MainVC.swift */,
				8503500B2AA2277200B3EC30 /* EmbeddedTableVC.swift */,
				8503500D2AA23EA700B3EC30 /* CustomCellVC.swift */,
				850350162AA242F600B3EC30 /* CustomCell.swift */,
			);
			path = Controller;
			sourceTree = "<group>";
		};
		8503500A2AA21BE800B3EC30 /* View */ = {
			isa = PBXGroup;
			children = (
				850350152AA242F600B3EC30 /* CustomCell.xib */,
				85034FF72AA0FC4F00B3EC30 /* Main.storyboard */,
			);
			path = View;
			sourceTree = "<group>";
		};
		850350192AA24EF400B3EC30 /* Data */ = {
			isa = PBXGroup;
			children = (
				8503501A2AA24F0300B3EC30 /* K.swift */,
				8542C1DA2AA2555F00B22C47 /* ClassRow.swift */,
				8542C1DC2AA392C200B22C47 /* ColorScheme.swift */,
				85E9F7EC2AAB469900993CB5 /* Label.swift */,
				85F20C012AB0BF1C00EBBAC4 /* StartEndTime.swift */,
				85034AB92AB5947700467A0F /* HourMinTime.swift */,
			);
			path = Data;
			sourceTree = "<group>";
		};
		8519B1ED2AAB58AB00273A65 /* Sounds */ = {
			isa = PBXGroup;
			children = (
				8519B1EE2AAB58AB00273A65 /* B.wav */,
				8519B1EF2AAB58AB00273A65 /* C.wav */,
				8519B1F02AAB58AB00273A65 /* A.wav */,
				8519B1F12AAB58AB00273A65 /* D.wav */,
				8519B1F22AAB58AB00273A65 /* E.wav */,
				8519B1F32AAB58AB00273A65 /* G.wav */,
				8519B1F42AAB58AB00273A65 /* F.wav */,
			);
			path = Sounds;
			sourceTree = "<group>";
		};
		85E9F7EE2AAB518E00993CB5 /* Frameworks */ = {
			isa = PBXGroup;
			children = (
				85E9F7EF2AAB518E00993CB5 /* AVFoundation.framework */,
			);
			name = Frameworks;
			sourceTree = "<group>";
		};
/* End PBXGroup section */

/* Begin PBXNativeTarget section */
		85034FED2AA0FC4F00B3EC30 /* LessonMonitor */ = {
			isa = PBXNativeTarget;
			buildConfigurationList = 850350022AA0FC5400B3EC30 /* Build configuration list for PBXNativeTarget "LessonMonitor" */;
			buildPhases = (
				85034FEA2AA0FC4F00B3EC30 /* Sources */,
				85034FEB2AA0FC4F00B3EC30 /* Frameworks */,
				85034FEC2AA0FC4F00B3EC30 /* Resources */,
			);
			buildRules = (
			);
			dependencies = (
			);
			name = LessonMonitor;
			productName = LessonMonitor;
			productReference = 85034FEE2AA0FC4F00B3EC30 /* LessonMonitor.app */;
			productType = "com.apple.product-type.application";
		};
/* End PBXNativeTarget section */

/* Begin PBXProject section */
		85034FE62AA0FC4E00B3EC30 /* Project object */ = {
			isa = PBXProject;
			attributes = {
				BuildIndependentTargetsInParallel = 1;
				LastSwiftUpdateCheck = 1430;
				LastUpgradeCheck = 1430;
				TargetAttributes = {
					85034FED2AA0FC4F00B3EC30 = {
						CreatedOnToolsVersion = 14.3.1;
					};
				};
			};
			buildConfigurationList = 85034FE92AA0FC4E00B3EC30 /* Build configuration list for PBXProject "LessonMonitor" */;
			compatibilityVersion = "Xcode 14.0";
			developmentRegion = en;
			hasScannedForEncodings = 0;
			knownRegions = (
				en,
				Base,
			);
			mainGroup = 85034FE52AA0FC4E00B3EC30;
			productRefGroup = 85034FEF2AA0FC4F00B3EC30 /* Products */;
			projectDirPath = "";
			projectRoot = "";
			targets = (
				85034FED2AA0FC4F00B3EC30 /* LessonMonitor */,
			);
		};
/* End PBXProject section */

/* Begin PBXResourcesBuildPhase section */
		85034FEC2AA0FC4F00B3EC30 /* Resources */ = {
			isa = PBXResourcesBuildPhase;
			buildActionMask = 2147483647;
			files = (
				8519B1FB2AAB58AC00273A65 /* F.wav in Resources */,
				8519B1F72AAB58AC00273A65 /* A.wav in Resources */,
				8519B1F62AAB58AC00273A65 /* C.wav in Resources */,
				85034FFE2AA0FC5400B3EC30 /* LaunchScreen.storyboard in Resources */,
				8519B1F52AAB58AC00273A65 /* B.wav in Resources */,
				85034FFB2AA0FC5400B3EC30 /* Assets.xcassets in Resources */,
				8519B1F82AAB58AC00273A65 /* D.wav in Resources */,
				8519B1FA2AAB58AC00273A65 /* G.wav in Resources */,
				8519B1F92AAB58AC00273A65 /* E.wav in Resources */,
				850350172AA242F600B3EC30 /* CustomCell.xib in Resources */,
				85034FF92AA0FC4F00B3EC30 /* Main.storyboard in Resources */,
			);
			runOnlyForDeploymentPostprocessing = 0;
		};
/* End PBXResourcesBuildPhase section */

/* Begin PBXSourcesBuildPhase section */
		85034FEA2AA0FC4F00B3EC30 /* Sources */ = {
			isa = PBXSourcesBuildPhase;
			buildActionMask = 2147483647;
			files = (
				85034FF22AA0FC4F00B3EC30 /* AppDelegate.swift in Sources */,
				8503500E2AA23EA700B3EC30 /* CustomCellVC.swift in Sources */,
				85E9F7ED2AAB469900993CB5 /* Label.swift in Sources */,
				85F20C022AB0BF1C00EBBAC4 /* StartEndTime.swift in Sources */,
				850350182AA242F600B3EC30 /* CustomCell.swift in Sources */,
				8503500C2AA2277200B3EC30 /* EmbeddedTableVC.swift in Sources */,
				850350082AA21BC900B3EC30 /* MainVC.swift in Sources */,
				8503501B2AA24F0300B3EC30 /* K.swift in Sources */,
				8542C1DD2AA392C300B22C47 /* ColorScheme.swift in Sources */,
				8542C1DB2AA2555F00B22C47 /* ClassRow.swift in Sources */,
				85034FF42AA0FC4F00B3EC30 /* SceneDelegate.swift in Sources */,
				850350062AA1FC6E00B3EC30 /* TableViewController.swift in Sources */,
				85034ABA2AB5947700467A0F /* HourMinTime.swift in Sources */,
			);
			runOnlyForDeploymentPostprocessing = 0;
		};
/* End PBXSourcesBuildPhase section */

/* Begin PBXVariantGroup section */
		85034FF72AA0FC4F00B3EC30 /* Main.storyboard */ = {
			isa = PBXVariantGroup;
			children = (
				85034FF82AA0FC4F00B3EC30 /* Base */,
			);
			name = Main.storyboard;
			sourceTree = "<group>";
		};
		85034FFC2AA0FC5400B3EC30 /* LaunchScreen.storyboard */ = {
			isa = PBXVariantGroup;
			children = (
				85034FFD2AA0FC5400B3EC30 /* Base */,
			);
			name = LaunchScreen.storyboard;
			sourceTree = "<group>";
		};
/* End PBXVariantGroup section */

/* Begin XCBuildConfiguration section */
		850350002AA0FC5400B3EC30 /* Debug */ = {
			isa = XCBuildConfiguration;
			buildSettings = {
				ALWAYS_SEARCH_USER_PATHS = NO;
				CLANG_ANALYZER_NONNULL = YES;
				CLANG_ANALYZER_NUMBER_OBJECT_CONVERSION = YES_AGGRESSIVE;
				CLANG_CXX_LANGUAGE_STANDARD = "gnu++20";
				CLANG_ENABLE_MODULES = YES;
				CLANG_ENABLE_OBJC_ARC = YES;
				CLANG_ENABLE_OBJC_WEAK = YES;
				CLANG_WARN_BLOCK_CAPTURE_AUTORELEASING = YES;
				CLANG_WARN_BOOL_CONVERSION = YES;
				CLANG_WARN_COMMA = YES;
				CLANG_WARN_CONSTANT_CONVERSION = YES;
				CLANG_WARN_DEPRECATED_OBJC_IMPLEMENTATIONS = YES;
				CLANG_WARN_DIRECT_OBJC_ISA_USAGE = YES_ERROR;
				CLANG_WARN_DOCUMENTATION_COMMENTS = YES;
				CLANG_WARN_EMPTY_BODY = YES;
				CLANG_WARN_ENUM_CONVERSION = YES;
				CLANG_WARN_INFINITE_RECURSION = YES;
				CLANG_WARN_INT_CONVERSION = YES;
				CLANG_WARN_NON_LITERAL_NULL_CONVERSION = YES;
				CLANG_WARN_OBJC_IMPLICIT_RETAIN_SELF = YES;
				CLANG_WARN_OBJC_LITERAL_CONVERSION = YES;
				CLANG_WARN_OBJC_ROOT_CLASS = YES_ERROR;
				CLANG_WARN_QUOTED_INCLUDE_IN_FRAMEWORK_HEADER = YES;
				CLANG_WARN_RANGE_LOOP_ANALYSIS = YES;
				CLANG_WARN_STRICT_PROTOTYPES = YES;
				CLANG_WARN_SUSPICIOUS_MOVE = YES;
				CLANG_WARN_UNGUARDED_AVAILABILITY = YES_AGGRESSIVE;
				CLANG_WARN_UNREACHABLE_CODE = YES;
				CLANG_WARN__DUPLICATE_METHOD_MATCH = YES;
				COPY_PHASE_STRIP = NO;
				DEBUG_INFORMATION_FORMAT = dwarf;
				ENABLE_STRICT_OBJC_MSGSEND = YES;
				ENABLE_TESTABILITY = YES;
				GCC_C_LANGUAGE_STANDARD = gnu11;
				GCC_DYNAMIC_NO_PIC = NO;
				GCC_NO_COMMON_BLOCKS = YES;
				GCC_OPTIMIZATION_LEVEL = 0;
				GCC_PREPROCESSOR_DEFINITIONS = (
					"DEBUG=1",
					"$(inherited)",
				);
				GCC_WARN_64_TO_32_BIT_CONVERSION = YES;
				GCC_WARN_ABOUT_RETURN_TYPE = YES_ERROR;
				GCC_WARN_UNDECLARED_SELECTOR = YES;
				GCC_WARN_UNINITIALIZED_AUTOS = YES_AGGRESSIVE;
				GCC_WARN_UNUSED_FUNCTION = YES;
				GCC_WARN_UNUSED_VARIABLE = YES;
				IPHONEOS_DEPLOYMENT_TARGET = 16.4;
				MTL_ENABLE_DEBUG_INFO = INCLUDE_SOURCE;
				MTL_FAST_MATH = YES;
				ONLY_ACTIVE_ARCH = YES;
				SDKROOT = iphoneos;
				SWIFT_ACTIVE_COMPILATION_CONDITIONS = DEBUG;
				SWIFT_OPTIMIZATION_LEVEL = "-Onone";
			};
			name = Debug;
		};
		850350012AA0FC5400B3EC30 /* Release */ = {
			isa = XCBuildConfiguration;
			buildSettings = {
				ALWAYS_SEARCH_USER_PATHS = NO;
				CLANG_ANALYZER_NONNULL = YES;
				CLANG_ANALYZER_NUMBER_OBJECT_CONVERSION = YES_AGGRESSIVE;
				CLANG_CXX_LANGUAGE_STANDARD = "gnu++20";
				CLANG_ENABLE_MODULES = YES;
				CLANG_ENABLE_OBJC_ARC = YES;
				CLANG_ENABLE_OBJC_WEAK = YES;
				CLANG_WARN_BLOCK_CAPTURE_AUTORELEASING = YES;
				CLANG_WARN_BOOL_CONVERSION = YES;
				CLANG_WARN_COMMA = YES;
				CLANG_WARN_CONSTANT_CONVERSION = YES;
				CLANG_WARN_DEPRECATED_OBJC_IMPLEMENTATIONS = YES;
				CLANG_WARN_DIRECT_OBJC_ISA_USAGE = YES_ERROR;
				CLANG_WARN_DOCUMENTATION_COMMENTS = YES;
				CLANG_WARN_EMPTY_BODY = YES;
				CLANG_WARN_ENUM_CONVERSION = YES;
				CLANG_WARN_INFINITE_RECURSION = YES;
				CLANG_WARN_INT_CONVERSION = YES;
				CLANG_WARN_NON_LITERAL_NULL_CONVERSION = YES;
				CLANG_WARN_OBJC_IMPLICIT_RETAIN_SELF = YES;
				CLANG_WARN_OBJC_LITERAL_CONVERSION = YES;
				CLANG_WARN_OBJC_ROOT_CLASS = YES_ERROR;
				CLANG_WARN_QUOTED_INCLUDE_IN_FRAMEWORK_HEADER = YES;
				CLANG_WARN_RANGE_LOOP_ANALYSIS = YES;
				CLANG_WARN_STRICT_PROTOTYPES = YES;
				CLANG_WARN_SUSPICIOUS_MOVE = YES;
				CLANG_WARN_UNGUARDED_AVAILABILITY = YES_AGGRESSIVE;
				CLANG_WARN_UNREACHABLE_CODE = YES;
				CLANG_WARN__DUPLICATE_METHOD_MATCH = YES;
				COPY_PHASE_STRIP = NO;
				DEBUG_INFORMATION_FORMAT = "dwarf-with-dsym";
				ENABLE_NS_ASSERTIONS = NO;
				ENABLE_STRICT_OBJC_MSGSEND = YES;
				GCC_C_LANGUAGE_STANDARD = gnu11;
				GCC_NO_COMMON_BLOCKS = YES;
				GCC_WARN_64_TO_32_BIT_CONVERSION = YES;
				GCC_WARN_ABOUT_RETURN_TYPE = YES_ERROR;
				GCC_WARN_UNDECLARED_SELECTOR = YES;
				GCC_WARN_UNINITIALIZED_AUTOS = YES_AGGRESSIVE;
				GCC_WARN_UNUSED_FUNCTION = YES;
				GCC_WARN_UNUSED_VARIABLE = YES;
				IPHONEOS_DEPLOYMENT_TARGET = 16.4;
				MTL_ENABLE_DEBUG_INFO = NO;
				MTL_FAST_MATH = YES;
				SDKROOT = iphoneos;
				SWIFT_COMPILATION_MODE = wholemodule;
				SWIFT_OPTIMIZATION_LEVEL = "-O";
				VALIDATE_PRODUCT = YES;
			};
			name = Release;
		};
		850350032AA0FC5400B3EC30 /* Debug */ = {
			isa = XCBuildConfiguration;
			buildSettings = {
				ASSETCATALOG_COMPILER_APPICON_NAME = AppIcon;
				ASSETCATALOG_COMPILER_GLOBAL_ACCENT_COLOR_NAME = AccentColor;
				CODE_SIGN_STYLE = Automatic;
				CURRENT_PROJECT_VERSION = 1;
				DEVELOPMENT_TEAM = 4LR58F43S2;
				GENERATE_INFOPLIST_FILE = YES;
				INFOPLIST_FILE = LessonMonitor/Info.plist;
				INFOPLIST_KEY_LSApplicationCategoryType = "public.app-category.education";
				INFOPLIST_KEY_UIApplicationSupportsIndirectInputEvents = YES;
				INFOPLIST_KEY_UILaunchStoryboardName = LaunchScreen;
				INFOPLIST_KEY_UIMainStoryboardFile = Main;
				INFOPLIST_KEY_UISupportedInterfaceOrientations_iPad = "UIInterfaceOrientationPortrait UIInterfaceOrientationPortraitUpsideDown UIInterfaceOrientationLandscapeLeft UIInterfaceOrientationLandscapeRight";
				INFOPLIST_KEY_UISupportedInterfaceOrientations_iPhone = "UIInterfaceOrientationPortrait UIInterfaceOrientationLandscapeLeft UIInterfaceOrientationLandscapeRight";
				IPHONEOS_DEPLOYMENT_TARGET = 16.4;
				LD_RUNPATH_SEARCH_PATHS = (
					"$(inherited)",
					"@executable_path/Frameworks",
				);
				MARKETING_VERSION = 1.0;
				PRODUCT_BUNDLE_IDENTIFIER = com.Lgl.LessonMonitor;
				PRODUCT_NAME = "$(TARGET_NAME)";
				SWIFT_EMIT_LOC_STRINGS = YES;
				SWIFT_VERSION = 5.0;
				TARGETED_DEVICE_FAMILY = "1,2";
			};
			name = Debug;
		};
		850350042AA0FC5400B3EC30 /* Release */ = {
			isa = XCBuildConfiguration;
			buildSettings = {
				ASSETCATALOG_COMPILER_APPICON_NAME = AppIcon;
				ASSETCATALOG_COMPILER_GLOBAL_ACCENT_COLOR_NAME = AccentColor;
				CODE_SIGN_STYLE = Automatic;
				CURRENT_PROJECT_VERSION = 1;
				DEVELOPMENT_TEAM = 4LR58F43S2;
				GENERATE_INFOPLIST_FILE = YES;
				INFOPLIST_FILE = LessonMonitor/Info.plist;
				INFOPLIST_KEY_LSApplicationCategoryType = "public.app-category.education";
				INFOPLIST_KEY_UIApplicationSupportsIndirectInputEvents = YES;
				INFOPLIST_KEY_UILaunchStoryboardName = LaunchScreen;
				INFOPLIST_KEY_UIMainStoryboardFile = Main;
				INFOPLIST_KEY_UISupportedInterfaceOrientations_iPad = "UIInterfaceOrientationPortrait UIInterfaceOrientationPortraitUpsideDown UIInterfaceOrientationLandscapeLeft UIInterfaceOrientationLandscapeRight";
				INFOPLIST_KEY_UISupportedInterfaceOrientations_iPhone = "UIInterfaceOrientationPortrait UIInterfaceOrientationLandscapeLeft UIInterfaceOrientationLandscapeRight";
				IPHONEOS_DEPLOYMENT_TARGET = 16.4;
				LD_RUNPATH_SEARCH_PATHS = (
					"$(inherited)",
					"@executable_path/Frameworks",
				);
				MARKETING_VERSION = 1.0;
				PRODUCT_BUNDLE_IDENTIFIER = com.Lgl.LessonMonitor;
				PRODUCT_NAME = "$(TARGET_NAME)";
				SWIFT_EMIT_LOC_STRINGS = YES;
				SWIFT_VERSION = 5.0;
				TARGETED_DEVICE_FAMILY = "1,2";
			};
			name = Release;
		};
/* End XCBuildConfiguration section */

/* Begin XCConfigurationList section */
		85034FE92AA0FC4E00B3EC30 /* Build configuration list for PBXProject "LessonMonitor" */ = {
			isa = XCConfigurationList;
			buildConfigurations = (
				850350002AA0FC5400B3EC30 /* Debug */,
				850350012AA0FC5400B3EC30 /* Release */,
			);
			defaultConfigurationIsVisible = 0;
			defaultConfigurationName = Release;
		};
		850350022AA0FC5400B3EC30 /* Build configuration list for PBXNativeTarget "LessonMonitor" */ = {
			isa = XCConfigurationList;
			buildConfigurations = (
				850350032AA0FC5400B3EC30 /* Debug */,
				850350042AA0FC5400B3EC30 /* Release */,
			);
			defaultConfigurationIsVisible = 0;
			defaultConfigurationName = Release;
		};
/* End XCConfigurationList section */
	};
	rootObject = 85034FE62AA0FC4E00B3EC30 /* Project object */;
}
